{
  "nodes": {
    "mcp-exec": {
      "flake": false,
      "locked": {
        "lastModified": 1790959000,
        "narHash": "sha256-uNXkzpQ3OBppZyiThqJsDUPv6jOjb2qGFho/DyVNlgo=",
        "owner": "r33drichards",
        "repo": "mcp-exec",
        "rev": "38bb517fc037cd2d9a82ab3cd1e28b2d1d2be0ad",
        "type": "github"
      },
      "original": {
        "owner": "r33drichards",
        "repo": "mcp-exec",
        "rev": "38bb517fc037cd2d9a82ab3cd1e28b2d1d2be0ad",
        "type": "github"
      }
    },
    "nixpkgs": {
      "locked": {
        "lastModified": 1790578696,
        "narHash": "sha256-ZoxIApko70jCdbH3l20HWXOBaT2HZd87orzd2yJ9dVE=",
        "owner": "NixOS",
        "repo": "nixpkgs",
        "rev": "7a0f122f5090cf4c2ade2a13a0e229d4e19ba71f",
        "type": "github"
      },
      "original": {
        "owner": "NixOS",
        "ref": "nixos-unstable",
        "repo": "nixpkgs",
        "type": "github"
      }
    },
    "root": {
      "inputs": {
        "mcp-exec": "mcp-exec",
        "nixpkgs": "nixpkgs"
      }
    }
  },
  "root": "root",
  "version": 7
}
