{
  "nodes": {
    "mcp-exec": {
      "flake": false,
      "locked": {
        "lastModified": 1790963174,
        "narHash": "sha256-bcujb7bXCwpU15/UsIF3BXUzOYfo32FlMoVNrSjQ6O0=",
        "owner": "r33drichards",
        "repo": "mcp-exec",
        "rev": "86a6aee684bae7db574473005c824f6602ef24ac",
        "type": "github"
      },
      "original": {
        "owner": "r33drichards",
        "repo": "mcp-exec",
        "rev": "86a6aee684bae7db574473005c824f6602ef24ac",
        "type": "github"
      }
    },
    "nixpkgs": {
      "locked": {
        "lastModified": 1790578696,
        "narHash": "sha256-ZoxIApko70jCdbH3l20HWXOBaT2HZd87orzd2yJ9dVE=",
        "owner": "NixOS",
        "repo": "nixpkgs",
        "rev": "7a0f122f5090cf4c2ade2a13a0e229d4e19ba71f",
        "type": "github"
      },
      "original": {
        "owner": "NixOS",
        "ref": "nixos-unstable",
        "repo": "nixpkgs",
        "type": "github"
      }
    },
    "root": {
      "inputs": {
        "mcp-exec": "mcp-exec",
        "nixpkgs": "nixpkgs"
      }
    }
  },
  "root": "root",
  "version": 7
}
